
Microsoft Visual Studio Solution File, Format Version 12.00
# Visual Studio Version 17
VisualStudioVersion = 17.2.32616.157
MinimumVisualStudioVersion = 10.0.40219.1
Project("{FAE04EC0-301F-11D3-BF4B-00C04F79EFBC}") = "ExerciseWindowsFormsApp13", "ExerciseWindowsFormsApp13\ExerciseWindowsFormsApp13.csproj", "{0BBC21BD-4E30-4ABC-874E-119507314281}"
EndProject
Global
	GlobalSection(SolutionConfigurationPlatforms) = preSolution
		Debug|Any CPU = Debug|Any CPU
		Release|Any CPU = Release|Any CPU
	EndGlobalSection
	GlobalSection(ProjectConfigurationPlatforms) = postSolution
		{0BBC21BD-4E30-4ABC-874E-119507314281}.Debug|Any CPU.ActiveCfg = Debug|Any CPU
		{0BBC21BD-4E30-4ABC-874E-119507314281}.Debug|Any CPU.Build.0 = Debug|Any CPU
		{0BBC21BD-4E30-4ABC-874E-119507314281}.Release|Any CPU.ActiveCfg = Release|Any CPU
		{0BBC21BD-4E30-4ABC-874E-119507314281}.Release|Any CPU.Build.0 = Release|Any CPU
	EndGlobalSection
	GlobalSection(SolutionProperties) = preSolution
		HideSolutionNode = FALSE
	EndGlobalSection
	GlobalSection(ExtensibilityGlobals) = postSolution
		SolutionGuid = {3CA961DC-418D-43EF-99CB-DBAFD90AFE27}
	EndGlobalSection
EndGlobal
